
Microsoft Visual Studio Solution File, Format Version 12.00
# Visual Studio 15
Project("{FAE04EC0-301F-11D3-BF4B-00C04F79EFBC}") = "HCI.AspNetCore.Extensions", "src\HCI.AspNetCore.Extensions\HCI.AspNetCore.Extensions.csproj", "{F9BE64D6-4897-4854-A924-9EC449478445}"
EndProject
Project("{2150E333-8FDC-42A3-9474-1A3956D46DE8}") = "Solution Items", "Solution Items", "{FA852850-57E9-4EF3-B16B-DC31DC8A5965}"
	ProjectSection(SolutionItems) = preProject
		.editorconfig = .editorconfig
	EndProjectSection
EndProject
Global
	GlobalSection(SolutionConfigurationPlatforms) = preSolution
		Debug|Any CPU = Debug|Any CPU
		Release|Any CPU = Release|Any CPU
	EndGlobalSection
	GlobalSection(ProjectConfigurationPlatforms) = postSolution
		{987B10A9-9743-4744-ACEB-D5F708D97165}.Debug|Any CPU.ActiveCfg = Debug|Any CPU
		{987B10A9-9743-4744-ACEB-D5F708D97165}.Debug|Any CPU.Build.0 = Debug|Any CPU
		{987B10A9-9743-4744-ACEB-D5F708D97165}.Release|Any CPU.ActiveCfg = Release|Any CPU
		{987B10A9-9743-4744-ACEB-D5F708D97165}.Release|Any CPU.Build.0 = Release|Any CPU
		{F9BE64D6-4897-4854-A924-9EC449478445}.Debug|Any CPU.ActiveCfg = Debug|Any CPU
		{F9BE64D6-4897-4854-A924-9EC449478445}.Debug|Any CPU.Build.0 = Debug|Any CPU
		{F9BE64D6-4897-4854-A924-9EC449478445}.Release|Any CPU.ActiveCfg = Release|Any CPU
		{F9BE64D6-4897-4854-A924-9EC449478445}.Release|Any CPU.Build.0 = Release|Any CPU
	EndGlobalSection
EndGlobal
